{
  "name": "docs",
  "lockfileVersion": 3,
  "requires": true,
  "packages": {
    "": {
      "name": "docs",
      "license": "ISC",
      "dependencies": {
        "@ariakit/react": "^0.4.5",
        "@inkeep/widgets": "^0.2.272",
        "@next/third-parties": "^14.2.1",
        "@oddbird/css-anchor-positioning": "^0.0.5",
        "@radix-ui/react-accordion": "^1.1.2",
        "@radix-ui/react-tabs": "^1.0.4",
        "@vercel/analytics": "^1.2.2",
        "@vercel/kv": "^1.0.1",
        "algoliasearch": "^4.23.3",
        "classnames": "^2.5.1",
        "next": "14.2.3",
        "next-sitemap": "^4.2.3",
        "nextra": "3.0.0-alpha.22",
        "nextra-theme-docs": "3.0.0-alpha.22",
        "react": "^18.2.0",
        "react-dom": "^18.2.0",
        "react-instantsearch": "^7.7.2",
        "react-instantsearch-nextjs": "^0.2.2",
        "react-marquee-slider": "^1.1.5"
      },
      "devDependencies": {
        "@types/node": "20.12.7",
        "@types/react": "18.2.78",
        "autoprefixer": "^10.4.19",
        "postcss": "^8.4.38",
        "shiki": "^1.3.0",
        "tailwindcss": "^3.4.3",
        "typedoc": "^0.25.13",
        "typedoc-plugin-markdown": "4.0.0-next.54"
      }
    },
    "../node_modules/.pnpm/@ariakit+react@0.4.5_react-dom@18.2.0_react@18.2.0__react@18.2.0/node_modules/@ariakit/react": {
      "version": "0.4.5",
      "license": "MIT",
      "dependencies": {
        "@ariakit/react-core": "0.4.5"
      },
      "funding": {
        "type": "opencollective",
        "url": "https://opencollective.com/ariakit"
      },
      "peerDependencies": {
        "react": "^17.0.0 || ^18.0.0",
        "react-dom": "^17.0.0 || ^18.0.0"
      }
    },
    "../node_modules/.pnpm/@inkeep+widgets@0.2.272_@internationalized+date@3.5.2_@types+react@18.2.78_prop-types@15.8.1__m2f2mikjwbuhxmidhyer3vjwb4/node_modules/@inkeep/widgets": {
      "version": "0.2.272",
      "license": "SEE LICENSE IN LICENSE",
      "dependencies": {
        "@apollo/client": "^3.8.1",
        "@ark-ui/react": "^0.15.0",
        "@inkeep/color-mode": "^0.0.23",
        "@inkeep/components": "^0.0.23",
        "@inkeep/preset": "^0.0.23",
        "@inkeep/preset-chakra": "^0.0.23",
        "@inkeep/shared": "^0.0.24",
        "@inkeep/styled-system": "^0.0.40",
        "@types/lodash.isequal": "^4.5.7",
        "graphql": "^16.8.1",
        "graphql-ws": "^5.14.0",
        "html-react-parser": "^3.0.16",
        "lodash.isequal": "^4.5.0",
        "prism-react-renderer": "^2.1.0",
        "prismjs": "^1.29.0",
        "react": "^18.2.0",
        "react-dom": "^18.2.0",
        "react-error-boundary": "^4.0.11",
        "react-hook-form": "^7.50.1",
        "react-hotkeys-hook": "^4.4.1",
        "react-icons": "^4.10.1",
        "react-markdown": "^8.0.7",
        "react-shadow": "^20.4.0",
        "react-svg": "^16.1.33",
        "react-textarea-autosize": "^8.5.3",
        "rehype-raw": "^6.1.1",
        "xregexp": "^5.1.1"
      },
      "devDependencies": {
        "@graphql-codegen/cli": "^3.3.1",
        "@graphql-codegen/client-preset": "^3.0.0",
        "@graphql-codegen/fragment-matcher": "^4.0.1",
        "@pandacss/dev": "^0.22.0",
        "@types/node": "^18.17.8",
        "@types/react": "^18.2.15",
        "@types/react-dom": "^18.2.7",
        "@vitejs/plugin-react-swc": "^3.3.2",
        "eslint": "^8.47.0",
        "eslint-config-moon": "^2.0.9",
        "nodemon": "^2.0.22",
        "prettier": "^2.8.8",
        "prettier-config-moon": "^1.1.2",
        "publint": "^0.2.2",
        "typescript": "^5.1.6",
        "vite": "^4.4.12",
        "vite-bundle-visualizer": "^0.10.0",
        "vite-plugin-dts": "^3.6.0"
      },
      "peerDependencies": {
        "react": "^18.2.0",
        "react-dom": "^18.2.0"
      }
    },
    "../node_modules/.pnpm/@next+third-parties@14.2.1_next@14.2.3_@babel+core@7.23.9_@opentelemetry+api@1.7.0_@playwrigh_hah6prtmzkddoisjwopqobjhdm/node_modules/@next/third-parties": {
      "version": "14.2.1",
      "license": "MIT",
      "dependencies": {
        "third-party-capital": "1.0.20"
      },
      "devDependencies": {
        "next": "14.2.1",
        "outdent": "0.8.0",
        "prettier": "2.5.1"
      },
      "peerDependencies": {
        "next": "^13.0.0 || ^14.0.0",
        "react": "^18.2.0"
      }
    },
    "../node_modules/.pnpm/@oddbird+css-anchor-positioning@0.0.5/node_modules/@oddbird/css-anchor-positioning": {
      "version": "0.0.5",
      "license": "BSD-3-Clause",
      "dependencies": {
        "@floating-ui/dom": "^1.6.3",
        "@types/css-tree": "^2.3.6",
        "css-tree": "^2.3.1",
        "nanoid": "^5.0.6"
      },
      "devDependencies": {
        "@playwright/test": "^1.42.0",
        "@types/async": "^3.2.24",
        "@types/node": "*",
        "@types/selenium-webdriver": "^4.1.21",
        "@typescript-eslint/eslint-plugin": "^7.1.0",
        "@typescript-eslint/parser": "^7.1.0",
        "@vitest/coverage-istanbul": "^1.3.1",
        "async": "^3.2.5",
        "browserslist": "^4.23.0",
        "browserstack-local": "^1.5.5",
        "cross-env": "^7.0.3",
        "eslint": "^8.57.0",
        "eslint-config-prettier": "^9.1.0",
        "eslint-import-resolver-typescript": "^3.6.1",
        "eslint-plugin-import": "^2.29.1",
        "eslint-plugin-jest": "^27.9.0",
        "eslint-plugin-simple-import-sort": "^12.0.0",
        "fetch-mock": "^9.11.0",
        "jsdom": "^24.0.0",
        "liquidjs": "^10.10.1",
        "node-fetch": "^2.6.7",
        "npm-run-all": "^4.1.5",
        "prettier": "^3.2.5",
        "selenium-webdriver": "^4.18.1",
        "stylelint": "^16.2.1",
        "stylelint-config-standard": "^36.0.0",
        "ts-node": "^10.9.2",
        "typescript": "^5.3.3",
        "vite": "^5.1.4",
        "vitest": "^1.3.1"
      }
    },
    "../node_modules/.pnpm/@radix-ui+react-accordion@1.1.2_@types+react-dom@18.2.18_@types+react@18.2.78_react-dom@18.2._bhgnk4hfobakrvlne2bpd5ep2i/node_modules/@radix-ui/react-accordion": {
      "version": "1.1.2",
      "license": "MIT",
      "dependencies": {
        "@babel/runtime": "^7.13.10",
        "@radix-ui/primitive": "1.0.1",
        "@radix-ui/react-collapsible": "1.0.3",
        "@radix-ui/react-collection": "1.0.3",
        "@radix-ui/react-compose-refs": "1.0.1",
        "@radix-ui/react-context": "1.0.1",
        "@radix-ui/react-direction": "1.0.1",
        "@radix-ui/react-id": "1.0.1",
        "@radix-ui/react-primitive": "1.0.3",
        "@radix-ui/react-use-controllable-state": "1.0.1"
      },
      "peerDependencies": {
        "@types/react": "*",
        "@types/react-dom": "*",
        "react": "^16.8 || ^17.0 || ^18.0",
        "react-dom": "^16.8 || ^17.0 || ^18.0"
      },
      "peerDependenciesMeta": {
        "@types/react": {
          "optional": true
        },
        "@types/react-dom": {
          "optional": true
        }
      }
    },
    "../node_modules/.pnpm/@radix-ui+react-tabs@1.0.4_@types+react-dom@18.2.18_@types+react@18.2.78_react-dom@18.2.0_react@18.2.0__react@18.2.0/node_modules/@radix-ui/react-tabs": {
      "version": "1.0.4",
      "license": "MIT",
      "dependencies": {
        "@babel/runtime": "^7.13.10",
        "@radix-ui/primitive": "1.0.1",
        "@radix-ui/react-context": "1.0.1",
        "@radix-ui/react-direction": "1.0.1",
        "@radix-ui/react-id": "1.0.1",
        "@radix-ui/react-presence": "1.0.1",
        "@radix-ui/react-primitive": "1.0.3",
        "@radix-ui/react-roving-focus": "1.0.4",
        "@radix-ui/react-use-controllable-state": "1.0.1"
      },
      "peerDependencies": {
        "@types/react": "*",
        "@types/react-dom": "*",
        "react": "^16.8 || ^17.0 || ^18.0",
        "react-dom": "^16.8 || ^17.0 || ^18.0"
      },
      "peerDependenciesMeta": {
        "@types/react": {
          "optional": true
        },
        "@types/react-dom": {
          "optional": true
        }
      }
    },
    "../node_modules/.pnpm/@types+node@20.12.7/node_modules/@types/node": {
      "version": "20.12.7",
      "dev": true,
      "license": "MIT",
      "dependencies": {
        "undici-types": "~5.26.4"
      }
    },
    "../node_modules/.pnpm/@types+react@18.2.78/node_modules/@types/react": {
      "version": "18.2.78",
      "dev": true,
      "license": "MIT",
      "dependencies": {
        "@types/prop-types": "*",
        "csstype": "^3.0.2"
      }
    },
    "../node_modules/.pnpm/@vercel+analytics@1.2.2_next@14.2.3_@babel+core@7.23.9_@opentelemetry+api@1.7.0_@playwright+t_zk4q5243mhd4b7ywmdhttju2am/node_modules/@vercel/analytics": {
      "version": "1.2.2",
      "license": "MPL-2.0",
      "dependencies": {
        "server-only": "^0.0.1"
      },
      "devDependencies": {
        "@swc/core": "^1.3.66",
        "@swc/jest": "^0.2.26",
        "@testing-library/jest-dom": "^5.16.5",
        "@testing-library/react": "^14.0.0",
        "@types/jest": "^29.5.2",
        "@types/node": "^20.3.1",
        "@types/react": "^18.2.14",
        "@types/testing-library__jest-dom": "^5.14.6",
        "@vercel/eslint-config": "0.0.0",
        "jest": "^29.5.0",
        "jest-environment-jsdom": "^29.5.0",
        "react": "^18.2.0",
        "react-dom": "^18.2.0",
        "tsup": "7.1.0"
      },
      "peerDependencies": {
        "next": ">= 13",
        "react": "^18 || ^19"
      },
      "peerDependenciesMeta": {
        "next": {
          "optional": true
        },
        "react": {
          "optional": true
        }
      }
    },
    "../node_modules/.pnpm/@vercel+kv@1.0.1/node_modules/@vercel/kv": {
      "version": "1.0.1",
      "license": "Apache-2.0",
      "dependencies": {
        "@upstash/redis": "1.25.1"
      },
      "devDependencies": {
        "@changesets/cli": "2.27.1",
        "@edge-runtime/jest-environment": "2.3.7",
        "@edge-runtime/types": "2.2.7",
        "@types/jest": "29.5.11",
        "@types/node": "20.10.4",
        "eslint": "8.55.0",
        "eslint-config-custom": "0.0.0",
        "husky": "8.0.3",
        "jest": "29.7.0",
        "lint-staged": "15.2.0",
        "prettier": "3.1.0",
        "ts-jest": "29.1.1",
        "tsconfig": "0.0.0",
        "tsup": "8.0.1",
        "typescript": "5.3.3"
      },
      "engines": {
        "node": ">=14.6"
      }
    },
    "../node_modules/.pnpm/algoliasearch@4.23.3/node_modules/algoliasearch": {
      "version": "4.23.3",
      "license": "MIT",
      "dependencies": {
        "@algolia/cache-browser-local-storage": "4.23.3",
        "@algolia/cache-common": "4.23.3",
        "@algolia/cache-in-memory": "4.23.3",
        "@algolia/client-account": "4.23.3",
        "@algolia/client-analytics": "4.23.3",
        "@algolia/client-common": "4.23.3",
        "@algolia/client-personalization": "4.23.3",
        "@algolia/client-search": "4.23.3",
        "@algolia/logger-common": "4.23.3",
        "@algolia/logger-console": "4.23.3",
        "@algolia/recommend": "4.23.3",
        "@algolia/requester-browser-xhr": "4.23.3",
        "@algolia/requester-common": "4.23.3",
        "@algolia/requester-node-http": "4.23.3",
        "@algolia/transporter": "4.23.3"
      }
    },
    "../node_modules/.pnpm/autoprefixer@10.4.19_postcss@8.4.38/node_modules/autoprefixer": {
      "version": "10.4.19",
      "dev": true,
      "funding": [
        {
          "type": "opencollective",
          "url": "https://opencollective.com/postcss/"
        },
        {
          "type": "tidelift",
          "url": "https://tidelift.com/funding/github/npm/autoprefixer"
        },
        {
          "type": "github",
          "url": "https://github.com/sponsors/ai"
        }
      ],
      "license": "MIT",
      "dependencies": {
        "browserslist": "^4.23.0",
        "caniuse-lite": "^1.0.30001599",
        "fraction.js": "^4.3.7",
        "normalize-range": "^0.1.2",
        "picocolors": "^1.0.0",
        "postcss-value-parser": "^4.2.0"
      },
      "bin": {
        "autoprefixer": "bin/autoprefixer"
      },
      "engines": {
        "node": "^10 || ^12 || >=14"
      },
      "peerDependencies": {
        "postcss": "^8.1.0"
      }
    },
    "../node_modules/.pnpm/classnames@2.5.1/node_modules/classnames": {
      "version": "2.5.1",
      "license": "MIT",
      "devDependencies": {
        "@rollup/plugin-commonjs": "^25.0.7",
        "@rollup/plugin-json": "^6.1.0",
        "@rollup/plugin-node-resolve": "^15.2.3",
        "classnames-local": "file:.",
        "classnames-npm": "npm:classnames@*",
        "http-server": "^14.1.1",
        "markdown-table": "^3.0.3",
        "rollup": "^4.9.1",
        "tinybench": "^2.5.1",
        "tsd": "^0.30.1"
      }
    },
    "../node_modules/.pnpm/next-sitemap@4.2.3_next@14.2.3_@babel+core@7.23.9_@opentelemetry+api@1.7.0_@playwright+test@1_q6axypqwrhnfzvnj2rd3bbwymy/node_modules/next-sitemap": {
      "version": "4.2.3",
      "funding": [
        {
          "url": "https://github.com/iamvishnusankar/next-sitemap.git"
        }
      ],
      "license": "MIT",
      "dependencies": {
        "@corex/deepmerge": "^4.0.43",
        "@next/env": "^13.4.3",
        "fast-glob": "^3.2.12",
        "minimist": "^1.2.8"
      },
      "bin": {
        "next-sitemap": "bin/next-sitemap.mjs",
        "next-sitemap-cjs": "bin/next-sitemap.cjs"
      },
      "devDependencies": {
        "typescript": "^5.0.4"
      },
      "engines": {
        "node": ">=14.18"
      },
      "peerDependencies": {
        "next": "*"
      }
    },
    "../node_modules/.pnpm/next@14.2.3_@babel+core@7.23.9_@opentelemetry+api@1.7.0_@playwright+test@1.41.2_react-dom@18._zeliecaor7kymfwhpz3ycrydau/node_modules/next": {
      "version": "14.2.3",
      "license": "MIT",
      "dependencies": {
        "@next/env": "14.2.3",
        "@swc/helpers": "0.5.5",
        "busboy": "1.6.0",
        "caniuse-lite": "^1.0.30001579",
        "graceful-fs": "^4.2.11",
        "postcss": "8.4.31",
        "styled-jsx": "5.1.1"
      },
      "bin": {
        "next": "dist/bin/next"
      },
      "devDependencies": {
        "@ampproject/toolbox-optimizer": "2.8.3",
        "@babel/code-frame": "7.22.5",
        "@babel/core": "7.22.5",
        "@babel/eslint-parser": "7.22.5",
        "@babel/generator": "7.22.5",
        "@babel/plugin-proposal-class-properties": "7.18.6",
        "@babel/plugin-proposal-export-namespace-from": "7.18.9",
        "@babel/plugin-proposal-numeric-separator": "7.18.6",
        "@babel/plugin-proposal-object-rest-spread": "7.20.7",
        "@babel/plugin-syntax-bigint": "7.8.3",
        "@babel/plugin-syntax-dynamic-import": "7.8.3",
        "@babel/plugin-syntax-import-assertions": "7.22.5",
        "@babel/plugin-syntax-jsx": "7.22.5",
        "@babel/plugin-transform-modules-commonjs": "7.22.5",
        "@babel/plugin-transform-runtime": "7.22.5",
        "@babel/preset-env": "7.22.5",
        "@babel/preset-react": "7.22.5",
        "@babel/preset-typescript": "7.22.5",
        "@babel/runtime": "7.22.5",
        "@babel/traverse": "7.22.5",
        "@babel/types": "7.22.5",
        "@capsizecss/metrics": "2.2.0",
        "@edge-runtime/cookies": "4.1.1",
        "@edge-runtime/ponyfill": "2.4.2",
        "@edge-runtime/primitives": "4.1.0",
        "@hapi/accept": "5.0.2",
        "@jest/transform": "29.5.0",
        "@jest/types": "29.5.0",
        "@mswjs/interceptors": "0.23.0",
        "@napi-rs/triples": "1.2.0",
        "@next/polyfill-module": "14.2.3",
        "@next/polyfill-nomodule": "14.2.3",
        "@next/react-refresh-utils": "14.2.3",
        "@next/swc": "14.2.3",
        "@opentelemetry/api": "1.6.0",
        "@playwright/test": "1.41.2",
        "@taskr/clear": "1.1.0",
        "@taskr/esnext": "1.1.0",
        "@types/amphtml-validator": "1.0.0",
        "@types/babel__code-frame": "7.0.2",
        "@types/babel__core": "7.1.12",
        "@types/babel__generator": "7.6.2",
        "@types/babel__template": "7.4.0",
        "@types/babel__traverse": "7.11.0",
        "@types/bytes": "3.1.1",
        "@types/ci-info": "2.0.0",
        "@types/compression": "0.0.36",
        "@types/content-disposition": "0.5.4",
        "@types/content-type": "1.1.3",
        "@types/cookie": "0.3.3",
        "@types/cross-spawn": "6.0.0",
        "@types/debug": "4.1.5",
        "@types/express-serve-static-core": "4.17.33",
        "@types/fresh": "0.5.0",
        "@types/glob": "7.1.1",
        "@types/graceful-fs": "4.1.9",
        "@types/jsonwebtoken": "9.0.0",
        "@types/lodash": "4.14.198",
        "@types/lodash.curry": "4.1.6",
        "@types/lru-cache": "5.1.0",
        "@types/path-to-regexp": "1.7.0",
        "@types/picomatch": "2.3.3",
        "@types/platform": "1.3.4",
        "@types/react": "18.2.37",
        "@types/react-dom": "18.2.15",
        "@types/react-is": "17.0.3",
        "@types/semver": "7.3.1",
        "@types/send": "0.14.4",
        "@types/shell-quote": "1.7.1",
        "@types/tar": "6.1.5",
        "@types/text-table": "0.2.1",
        "@types/ua-parser-js": "0.7.36",
        "@types/uuid": "8.3.1",
        "@types/webpack-sources1": "npm:@types/webpack-sources@0.1.5",
        "@types/ws": "8.2.0",
        "@vercel/ncc": "0.34.0",
        "@vercel/nft": "0.26.4",
        "@vercel/turbopack-ecmascript-runtime": "https://gitpkg-fork.vercel.sh/vercel/turbo/crates/turbopack-ecmascript-runtime/js?turbopack-240417.2",
        "acorn": "8.5.0",
        "amphtml-validator": "1.0.35",
        "anser": "1.4.9",
        "arg": "4.1.0",
        "assert": "2.0.0",
        "async-retry": "1.2.3",
        "async-sema": "3.0.0",
        "babel-plugin-transform-define": "2.0.0",
        "babel-plugin-transform-react-remove-prop-types": "0.4.24",
        "browserify-zlib": "0.2.0",
        "browserslist": "4.22.2",
        "buffer": "5.6.0",
        "bytes": "3.1.1",
        "ci-info": "watson/ci-info#f43f6a1cefff47fb361c88cf4b943fdbcaafe540",
        "cli-select": "1.1.2",
        "client-only": "0.0.1",
        "commander": "12.0.0",
        "comment-json": "3.0.3",
        "compression": "1.7.4",
        "conf": "5.0.0",
        "constants-browserify": "1.0.0",
        "content-disposition": "0.5.3",
        "content-type": "1.0.4",
        "cookie": "0.4.1",
        "cross-spawn": "7.0.3",
        "crypto-browserify": "3.12.0",
        "css.escape": "1.5.1",
        "cssnano-preset-default": "5.2.14",
        "data-uri-to-buffer": "3.0.1",
        "debug": "4.1.1",
        "devalue": "2.0.1",
        "domain-browser": "4.19.0",
        "edge-runtime": "2.5.4",
        "events": "3.3.0",
        "find-up": "4.1.0",
        "fresh": "0.5.2",
        "get-orientation": "1.1.2",
        "glob": "7.1.7",
        "gzip-size": "5.1.1",
        "http-proxy": "1.18.1",
        "http-proxy-agent": "5.0.0",
        "https-browserify": "1.0.0",
        "https-proxy-agent": "5.0.1",
        "icss-utils": "5.1.0",
        "ignore-loader": "0.1.2",
        "image-size": "1.0.0",
        "is-docker": "2.0.0",
        "is-wsl": "2.2.0",
        "jest-worker": "27.5.1",
        "json5": "2.2.3",
        "jsonwebtoken": "9.0.0",
        "loader-runner": "4.3.0",
        "loader-utils2": "npm:loader-utils@2.0.0",
        "loader-utils3": "npm:loader-utils@3.1.3",
        "lodash.curry": "4.1.1",
        "lru-cache": "5.1.1",
        "mini-css-extract-plugin": "2.4.4",
        "msw": "1.3.0",
        "nanoid": "3.1.32",
        "native-url": "0.3.4",
        "neo-async": "2.6.1",
        "node-html-parser": "5.3.3",
        "ora": "4.0.4",
        "os-browserify": "0.3.0",
        "p-limit": "3.1.0",
        "path-browserify": "1.0.1",
        "path-to-regexp": "6.1.0",
        "picomatch": "4.0.1",
        "platform": "1.3.6",
        "postcss-flexbugs-fixes": "5.0.2",
        "postcss-modules-extract-imports": "3.0.0",
        "postcss-modules-local-by-default": "4.0.4",
        "postcss-modules-scope": "3.0.0",
        "postcss-modules-values": "4.0.0",
        "postcss-preset-env": "7.4.3",
        "postcss-safe-parser": "6.0.0",
        "postcss-scss": "4.0.3",
        "postcss-value-parser": "4.2.0",
        "process": "0.11.10",
        "punycode": "2.1.1",
        "querystring-es3": "0.2.1",
        "raw-body": "2.4.1",
        "react-is": "18.2.0",
        "react-refresh": "0.12.0",
        "regenerator-runtime": "0.13.4",
        "sass-loader": "12.4.0",
        "schema-utils2": "npm:schema-utils@2.7.1",
        "schema-utils3": "npm:schema-utils@3.0.0",
        "semver": "7.3.2",
        "send": "0.17.1",
        "server-only": "0.0.1",
        "setimmediate": "1.0.5",
        "shell-quote": "1.7.3",
        "source-map": "0.6.1",
        "source-map08": "npm:source-map@0.8.0-beta.0",
        "stacktrace-parser": "0.1.10",
        "stream-browserify": "3.0.0",
        "stream-http": "3.1.1",
        "strict-event-emitter": "0.5.0",
        "string_decoder": "1.3.0",
        "string-hash": "1.1.3",
        "strip-ansi": "6.0.0",
        "superstruct": "1.0.3",
        "tar": "6.1.15",
        "taskr": "1.1.0",
        "terser": "5.27.0",
        "terser-webpack-plugin": "5.3.9",
        "text-table": "0.2.0",
        "timers-browserify": "2.0.12",
        "tty-browserify": "0.0.1",
        "ua-parser-js": "1.0.35",
        "unistore": "3.4.1",
        "util": "0.12.4",
        "uuid": "8.3.2",
        "vm-browserify": "1.1.2",
        "watchpack": "2.4.0",
        "web-vitals": "3.0.0",
        "webpack": "5.90.0",
        "webpack-sources1": "npm:webpack-sources@1.4.3",
        "webpack-sources3": "npm:webpack-sources@3.2.3",
        "ws": "8.2.3",
        "zod": "3.22.3"
      },
      "engines": {
        "node": ">=18.17.0"
      },
      "optionalDependencies": {
        "@next/swc-darwin-arm64": "14.2.3",
        "@next/swc-darwin-x64": "14.2.3",
        "@next/swc-linux-arm64-gnu": "14.2.3",
        "@next/swc-linux-arm64-musl": "14.2.3",
        "@next/swc-linux-x64-gnu": "14.2.3",
        "@next/swc-linux-x64-musl": "14.2.3",
        "@next/swc-win32-arm64-msvc": "14.2.3",
        "@next/swc-win32-ia32-msvc": "14.2.3",
        "@next/swc-win32-x64-msvc": "14.2.3"
      },
      "peerDependencies": {
        "@opentelemetry/api": "^1.1.0",
        "@playwright/test": "^1.41.2",
        "react": "^18.2.0",
        "react-dom": "^18.2.0",
        "sass": "^1.3.0"
      },
      "peerDependenciesMeta": {
        "@opentelemetry/api": {
          "optional": true
        },
        "@playwright/test": {
          "optional": true
        },
        "sass": {
          "optional": true
        }
      }
    },
    "../node_modules/.pnpm/nextra-theme-docs@3.0.0-alpha.22_next@14.2.3_@babel+core@7.23.9_@opentelemetry+api@1.7.0_@pla_x2p22b3jrszfr4nw3tvb35f7ia/node_modules/nextra-theme-docs": {
      "version": "3.0.0-alpha.22",
      "license": "MIT",
      "dependencies": {
        "@headlessui/react": "^1.7.17",
        "@popperjs/core": "^2.11.8",
        "clsx": "^2.0.0",
        "escape-string-regexp": "^5.0.0",
        "flexsearch": "^0.7.43",
        "focus-visible": "^5.2.0",
        "intersection-observer": "^0.12.2",
        "next-themes": "^0.2.1",
        "scroll-into-view-if-needed": "^3.1.0",
        "zod": "^3.22.3"
      },
      "devDependencies": {
        "@tailwindcss/nesting": "^0.0.0-insiders.565cd3e",
        "@testing-library/react": "^14.0.0",
        "@types/react": "^18.2.23",
        "@types/react-dom": "^18.2.8",
        "@vitejs/plugin-react": "^4.1.0",
        "concurrently": "^8.2.1",
        "jsdom": "^23.0.0",
        "next": "^13.5.6",
        "nextra": "3.0.0-alpha.22",
        "postcss": "^8.4.33",
        "postcss-cli": "^10.1.0",
        "postcss-import": "^15.1.0",
        "postcss-lightningcss": "^1.0.0",
        "react": "^18.2.0",
        "react-dom": "^18.2.0",
        "tailwindcss": "^3.4.1",
        "vitest": "^1.2.0"
      },
      "peerDependencies": {
        "next": ">=13",
        "nextra": "3.0.0-alpha.22",
        "react": ">=16.13.1",
        "react-dom": ">=16.13.1"
      }
    },
    "../node_modules/.pnpm/nextra@3.0.0-alpha.22_@types+react@18.2.78_next@14.2.3_@babel+core@7.23.9_@opentelemetry+api@_dp6dlujcerqopd4ztpkty44l6e/node_modules/nextra": {
      "version": "3.0.0-alpha.22",
      "license": "MIT",
      "dependencies": {
        "@headlessui/react": "^1.7.17",
        "@mdx-js/mdx": "^3.0.0",
        "@mdx-js/react": "^3.0.0",
        "@napi-rs/simple-git": "^0.1.9",
        "@shikijs/twoslash": "^1.0.0",
        "@theguild/remark-mermaid": "^0.0.5",
        "@theguild/remark-npm2yarn": "0.3.0",
        "better-react-mathjax": "^2.0.3",
        "clsx": "^2.0.0",
        "estree-util-to-js": "^2.0.0",
        "estree-util-value-to-estree": "^3.0.1",
        "github-slugger": "^2.0.0",
        "graceful-fs": "^4.2.11",
        "gray-matter": "^4.0.3",
        "hast-util-to-estree": "^3.1.0",
        "katex": "^0.16.9",
        "p-limit": "^4.0.0",
        "rehype-katex": "^7.0.0",
        "rehype-pretty-code": "0.13.0",
        "rehype-raw": "^7.0.0",
        "remark-frontmatter": "^5.0.0",
        "remark-gfm": "^4.0.0",
        "remark-math": "^6.0.0",
        "remark-reading-time": "^2.0.1",
        "remark-smartypants": "^2.1.0",
        "shiki": "^1.0.0",
        "slash": "^5.1.0",
        "title": "^3.5.3",
        "unist-util-remove": "^4.0.0",
        "unist-util-visit": "^5.0.0",
        "yaml": "^2.3.2",
        "zod": "^3.22.3",
        "zod-validation-error": "^1.5.0"
      },
      "devDependencies": {
        "@svgr/babel-plugin-remove-jsx-attribute": "^8.0.0",
        "@testing-library/react": "^14.0.0",
        "@types/estree": "^1.0.2",
        "@types/graceful-fs": "^4.1.7",
        "@types/hast": "^3.0.1",
        "@types/mdast": "^3.0.13",
        "@types/react": "^18.2.23",
        "@types/webpack": "^5.28.3",
        "@vitejs/plugin-react": "^4.1.0",
        "esbuild-plugin-svgr": "^2.1.0",
        "next": "^13.5.6",
        "react": "^18.2.0",
        "react-dom": "^18.2.0",
        "unified": "^11.0.3",
        "vitest": "^1.2.0"
      },
      "engines": {
        "node": ">=18"
      },
      "peerDependencies": {
        "next": ">=13",
        "react": ">=16.13.1",
        "react-dom": ">=16.13.1"
      }
    },
    "../node_modules/.pnpm/postcss@8.4.38/node_modules/postcss": {
      "version": "8.4.38",
      "dev": true,
      "funding": [
        {
          "type": "opencollective",
          "url": "https://opencollective.com/postcss/"
        },
        {
          "type": "tidelift",
          "url": "https://tidelift.com/funding/github/npm/postcss"
        },
        {
          "type": "github",
          "url": "https://github.com/sponsors/ai"
        }
      ],
      "license": "MIT",
      "dependencies": {
        "nanoid": "^3.3.7",
        "picocolors": "^1.0.0",
        "source-map-js": "^1.2.0"
      },
      "engines": {
        "node": "^10 || ^12 || >=14"
      }
    },
    "../node_modules/.pnpm/react-dom@18.2.0_react@18.2.0/node_modules/react-dom": {
      "version": "18.2.0",
      "license": "MIT",
      "dependencies": {
        "loose-envify": "^1.1.0",
        "scheduler": "^0.23.0"
      },
      "peerDependencies": {
        "react": "^18.2.0"
      }
    },
    "../node_modules/.pnpm/react-instantsearch-nextjs@0.2.2_next@14.2.3_@babel+core@7.23.9_@opentelemetry+api@1.7.0_@pla_ih3ey2o5n45puxowssc2ulvnba/node_modules/react-instantsearch-nextjs": {
      "version": "0.2.2",
      "license": "MIT",
      "devDependencies": {
        "instantsearch.js": "4.68.0",
        "next": "13.5.1",
        "react-instantsearch-core": "7.7.3"
      },
      "peerDependencies": {
        "next": ">= 13.4 && < 15",
        "react-instantsearch": ">= 7.1.0 && < 8"
      }
    },
    "../node_modules/.pnpm/react-instantsearch@7.7.2_algoliasearch@4.23.3_react-dom@18.2.0_react@18.2.0__react@18.2.0/node_modules/react-instantsearch": {
      "version": "7.7.2",
      "license": "MIT",
      "dependencies": {
        "@babel/runtime": "^7.1.2",
        "instantsearch-ui-components": "0.4.0",
        "instantsearch.js": "4.67.0",
        "react-instantsearch-core": "7.7.2"
      },
      "peerDependencies": {
        "algoliasearch": ">= 3.1 < 5",
        "react": ">= 16.8.0 < 19",
        "react-dom": ">= 16.8.0 < 19"
      }
    },
    "../node_modules/.pnpm/react-marquee-slider@1.1.5_styled-components@5.3.6_@babel+core@7.23.9_react-dom@18.2.0_react@_kbnrcpqbnnl6majnjrn7poiztq/node_modules/react-marquee-slider": {
      "version": "1.1.5",
      "license": "MIT",
      "devDependencies": {
        "@release-it/conventional-changelog": "^3.0.0",
        "@types/node": "^14.0.14",
        "@types/react": "^17.0.0",
        "@types/react-dom": "^17.0.0",
        "@types/styled-components": "^5.1.0",
        "eslint": "^7.4.0",
        "prettier": "^2.0.5",
        "prettier-eslint": "^12.0.0",
        "react": "^17.0.0",
        "react-dom": "^17.0.0",
        "react-test-renderer": "^17.0.0",
        "release-it": "^14.10.0",
        "styled-components": "^5.1.0",
        "typescript": "^4.3.5"
      },
      "peerDependencies": {
        "styled-components": ">=4.0.0"
      }
    },
    "../node_modules/.pnpm/react@18.2.0/node_modules/react": {
      "version": "18.2.0",
      "license": "MIT",
      "dependencies": {
        "loose-envify": "^1.1.0"
      },
      "engines": {
        "node": ">=0.10.0"
      }
    },
    "../node_modules/.pnpm/shiki@1.3.0/node_modules/shiki": {
      "version": "1.3.0",
      "dev": true,
      "license": "MIT",
      "dependencies": {
        "@shikijs/core": "1.3.0"
      },
      "devDependencies": {
        "tm-grammars": "^1.6.4",
        "tm-themes": "^1.3.3",
        "vscode-oniguruma": "^1.7.0"
      }
    },
    "../node_modules/.pnpm/tailwindcss@3.4.3_ts-node@10.9.2_@swc+core@1.3.106_@swc+helpers@0.5.5__@types+node@20.12.7_typescript@5.4.5_/node_modules/tailwindcss": {
      "version": "3.4.3",
      "dev": true,
      "license": "MIT",
      "dependencies": {
        "@alloc/quick-lru": "^5.2.0",
        "arg": "^5.0.2",
        "chokidar": "^3.5.3",
        "didyoumean": "^1.2.2",
        "dlv": "^1.1.3",
        "fast-glob": "^3.3.0",
        "glob-parent": "^6.0.2",
        "is-glob": "^4.0.3",
        "jiti": "^1.21.0",
        "lilconfig": "^2.1.0",
        "micromatch": "^4.0.5",
        "normalize-path": "^3.0.0",
        "object-hash": "^3.0.0",
        "picocolors": "^1.0.0",
        "postcss": "^8.4.23",
        "postcss-import": "^15.1.0",
        "postcss-js": "^4.0.1",
        "postcss-load-config": "^4.0.1",
        "postcss-nested": "^6.0.1",
        "postcss-selector-parser": "^6.0.11",
        "resolve": "^1.22.2",
        "sucrase": "^3.32.0"
      },
      "bin": {
        "tailwind": "lib/cli.js",
        "tailwindcss": "lib/cli.js"
      },
      "devDependencies": {
        "@swc/cli": "^0.1.62",
        "@swc/core": "^1.3.55",
        "@swc/jest": "^0.2.26",
        "@swc/register": "^0.1.10",
        "autoprefixer": "^10.4.14",
        "browserslist": "^4.21.5",
        "concurrently": "^8.0.1",
        "cssnano": "^6.0.0",
        "esbuild": "^0.20.2",
        "eslint": "^8.39.0",
        "eslint-config-prettier": "^8.8.0",
        "eslint-plugin-prettier": "^4.2.1",
        "jest": "^29.6.0",
        "jest-diff": "^29.6.0",
        "lightningcss": "1.24.1",
        "prettier": "^2.8.8",
        "rimraf": "^5.0.0",
        "source-map-js": "^1.0.2",
        "turbo": "^1.9.3"
      },
      "engines": {
        "node": ">=14.0.0"
      }
    },
    "../node_modules/.pnpm/typedoc-plugin-markdown@4.0.0-next.54_typedoc@0.25.13_typescript@5.4.5_/node_modules/typedoc-plugin-markdown": {
      "version": "4.0.0-next.54",
      "dev": true,
      "license": "MIT",
      "peerDependencies": {
        "typedoc": "0.25.x"
      }
    },
    "../node_modules/.pnpm/typedoc@0.25.13_typescript@5.4.5/node_modules/typedoc": {
      "version": "0.25.13",
      "dev": true,
      "license": "Apache-2.0",
      "dependencies": {
        "lunr": "^2.3.9",
        "marked": "^4.3.0",
        "minimatch": "^9.0.3",
        "shiki": "^0.14.7"
      },
      "bin": {
        "typedoc": "bin/typedoc"
      },
      "devDependencies": {
        "@types/lunr": "^2.3.7",
        "@types/marked": "^4.0.8",
        "@types/mocha": "^10.0.6",
        "@types/node": "16",
        "@typescript-eslint/eslint-plugin": "^7.4.0",
        "@typescript-eslint/parser": "^7.4.0",
        "@typestrong/fs-fixture-builder": "github:TypeStrong/fs-fixture-builder#8abd1494280116ff5318dde2c50ad01e1663790c",
        "c8": "^9.1.0",
        "esbuild": "^0.20.2",
        "eslint": "^8.57.0",
        "mocha": "^10.4.0",
        "prettier": "3.0.3",
        "puppeteer": "^13.5.2",
        "ts-node": "^10.9.2",
        "typescript": "5.4.3"
      },
      "engines": {
        "node": ">= 16"
      },
      "peerDependencies": {
        "typescript": "4.6.x || 4.7.x || 4.8.x || 4.9.x || 5.0.x || 5.1.x || 5.2.x || 5.3.x || 5.4.x"
      }
    },
    "node_modules/@ariakit/react": {
      "resolved": "../node_modules/.pnpm/@ariakit+react@0.4.5_react-dom@18.2.0_react@18.2.0__react@18.2.0/node_modules/@ariakit/react",
      "link": true
    },
    "node_modules/@inkeep/widgets": {
      "resolved": "../node_modules/.pnpm/@inkeep+widgets@0.2.272_@internationalized+date@3.5.2_@types+react@18.2.78_prop-types@15.8.1__m2f2mikjwbuhxmidhyer3vjwb4/node_modules/@inkeep/widgets",
      "link": true
    },
    "node_modules/@next/third-parties": {
      "resolved": "../node_modules/.pnpm/@next+third-parties@14.2.1_next@14.2.3_@babel+core@7.23.9_@opentelemetry+api@1.7.0_@playwrigh_hah6prtmzkddoisjwopqobjhdm/node_modules/@next/third-parties",
      "link": true
    },
    "node_modules/@oddbird/css-anchor-positioning": {
      "resolved": "../node_modules/.pnpm/@oddbird+css-anchor-positioning@0.0.5/node_modules/@oddbird/css-anchor-positioning",
      "link": true
    },
    "node_modules/@radix-ui/react-accordion": {
      "resolved": "../node_modules/.pnpm/@radix-ui+react-accordion@1.1.2_@types+react-dom@18.2.18_@types+react@18.2.78_react-dom@18.2._bhgnk4hfobakrvlne2bpd5ep2i/node_modules/@radix-ui/react-accordion",
      "link": true
    },
    "node_modules/@radix-ui/react-tabs": {
      "resolved": "../node_modules/.pnpm/@radix-ui+react-tabs@1.0.4_@types+react-dom@18.2.18_@types+react@18.2.78_react-dom@18.2.0_react@18.2.0__react@18.2.0/node_modules/@radix-ui/react-tabs",
      "link": true
    },
    "node_modules/@types/node": {
      "resolved": "../node_modules/.pnpm/@types+node@20.12.7/node_modules/@types/node",
      "link": true
    },
    "node_modules/@types/react": {
      "resolved": "../node_modules/.pnpm/@types+react@18.2.78/node_modules/@types/react",
      "link": true
    },
    "node_modules/@vercel/analytics": {
      "resolved": "../node_modules/.pnpm/@vercel+analytics@1.2.2_next@14.2.3_@babel+core@7.23.9_@opentelemetry+api@1.7.0_@playwright+t_zk4q5243mhd4b7ywmdhttju2am/node_modules/@vercel/analytics",
      "link": true
    },
    "node_modules/@vercel/kv": {
      "resolved": "../node_modules/.pnpm/@vercel+kv@1.0.1/node_modules/@vercel/kv",
      "link": true
    },
    "node_modules/algoliasearch": {
      "resolved": "../node_modules/.pnpm/algoliasearch@4.23.3/node_modules/algoliasearch",
      "link": true
    },
    "node_modules/autoprefixer": {
      "resolved": "../node_modules/.pnpm/autoprefixer@10.4.19_postcss@8.4.38/node_modules/autoprefixer",
      "link": true
    },
    "node_modules/classnames": {
      "resolved": "../node_modules/.pnpm/classnames@2.5.1/node_modules/classnames",
      "link": true
    },
    "node_modules/next": {
      "resolved": "../node_modules/.pnpm/next@14.2.3_@babel+core@7.23.9_@opentelemetry+api@1.7.0_@playwright+test@1.41.2_react-dom@18._zeliecaor7kymfwhpz3ycrydau/node_modules/next",
      "link": true
    },
    "node_modules/next-sitemap": {
      "resolved": "../node_modules/.pnpm/next-sitemap@4.2.3_next@14.2.3_@babel+core@7.23.9_@opentelemetry+api@1.7.0_@playwright+test@1_q6axypqwrhnfzvnj2rd3bbwymy/node_modules/next-sitemap",
      "link": true
    },
    "node_modules/nextra": {
      "resolved": "../node_modules/.pnpm/nextra@3.0.0-alpha.22_@types+react@18.2.78_next@14.2.3_@babel+core@7.23.9_@opentelemetry+api@_dp6dlujcerqopd4ztpkty44l6e/node_modules/nextra",
      "link": true
    },
    "node_modules/nextra-theme-docs": {
      "resolved": "../node_modules/.pnpm/nextra-theme-docs@3.0.0-alpha.22_next@14.2.3_@babel+core@7.23.9_@opentelemetry+api@1.7.0_@pla_x2p22b3jrszfr4nw3tvb35f7ia/node_modules/nextra-theme-docs",
      "link": true
    },
    "node_modules/postcss": {
      "resolved": "../node_modules/.pnpm/postcss@8.4.38/node_modules/postcss",
      "link": true
    },
    "node_modules/react": {
      "resolved": "../node_modules/.pnpm/react@18.2.0/node_modules/react",
      "link": true
    },
    "node_modules/react-dom": {
      "resolved": "../node_modules/.pnpm/react-dom@18.2.0_react@18.2.0/node_modules/react-dom",
      "link": true
    },
    "node_modules/react-instantsearch": {
      "resolved": "../node_modules/.pnpm/react-instantsearch@7.7.2_algoliasearch@4.23.3_react-dom@18.2.0_react@18.2.0__react@18.2.0/node_modules/react-instantsearch",
      "link": true
    },
    "node_modules/react-instantsearch-nextjs": {
      "resolved": "../node_modules/.pnpm/react-instantsearch-nextjs@0.2.2_next@14.2.3_@babel+core@7.23.9_@opentelemetry+api@1.7.0_@pla_ih3ey2o5n45puxowssc2ulvnba/node_modules/react-instantsearch-nextjs",
      "link": true
    },
    "node_modules/react-marquee-slider": {
      "resolved": "../node_modules/.pnpm/react-marquee-slider@1.1.5_styled-components@5.3.6_@babel+core@7.23.9_react-dom@18.2.0_react@_kbnrcpqbnnl6majnjrn7poiztq/node_modules/react-marquee-slider",
      "link": true
    },
    "node_modules/shiki": {
      "resolved": "../node_modules/.pnpm/shiki@1.3.0/node_modules/shiki",
      "link": true
    },
    "node_modules/tailwindcss": {
      "resolved": "../node_modules/.pnpm/tailwindcss@3.4.3_ts-node@10.9.2_@swc+core@1.3.106_@swc+helpers@0.5.5__@types+node@20.12.7_typescript@5.4.5_/node_modules/tailwindcss",
      "link": true
    },
    "node_modules/typedoc": {
      "resolved": "../node_modules/.pnpm/typedoc@0.25.13_typescript@5.4.5/node_modules/typedoc",
      "link": true
    },
    "node_modules/typedoc-plugin-markdown": {
      "resolved": "../node_modules/.pnpm/typedoc-plugin-markdown@4.0.0-next.54_typedoc@0.25.13_typescript@5.4.5_/node_modules/typedoc-plugin-markdown",
      "link": true
    },
    "node_modules/@next/swc-darwin-arm64": {
      "version": "14.2.3",
      "resolved": "https://registry.npmjs.org/@next/swc-darwin-arm64/-/swc-darwin-arm64-14.2.3.tgz",
      "integrity": "sha512-3pEYo/RaGqPP0YzwnlmPN2puaF2WMLM3apt5jLW2fFdXD9+pqcoTzRk+iZsf8ta7+quAe4Q6Ms0nR0SFGFdS1A==",
      "cpu": [
        "arm64"
      ],
      "optional": true,
      "os": [
        "darwin"
      ],
      "engines": {
        "node": ">= 10"
      }
    },
    "node_modules/@next/swc-darwin-x64": {
      "version": "14.2.3",
      "resolved": "https://registry.npmjs.org/@next/swc-darwin-x64/-/swc-darwin-x64-14.2.3.tgz",
      "integrity": "sha512-6adp7waE6P1TYFSXpY366xwsOnEXM+y1kgRpjSRVI2CBDOcbRjsJ67Z6EgKIqWIue52d2q/Mx8g9MszARj8IEA==",
      "cpu": [
        "x64"
      ],
      "optional": true,
      "os": [
        "darwin"
      ],
      "engines": {
        "node": ">= 10"
      }
    },
    "node_modules/@next/swc-linux-arm64-gnu": {
      "version": "14.2.3",
      "resolved": "https://registry.npmjs.org/@next/swc-linux-arm64-gnu/-/swc-linux-arm64-gnu-14.2.3.tgz",
      "integrity": "sha512-cuzCE/1G0ZSnTAHJPUT1rPgQx1w5tzSX7POXSLaS7w2nIUJUD+e25QoXD/hMfxbsT9rslEXugWypJMILBj/QsA==",
      "cpu": [
        "arm64"
      ],
      "optional": true,
      "os": [
        "linux"
      ],
      "engines": {
        "node": ">= 10"
      }
    },
    "node_modules/@next/swc-linux-arm64-musl": {
      "version": "14.2.3",
      "resolved": "https://registry.npmjs.org/@next/swc-linux-arm64-musl/-/swc-linux-arm64-musl-14.2.3.tgz",
      "integrity": "sha512-0D4/oMM2Y9Ta3nGuCcQN8jjJjmDPYpHX9OJzqk42NZGJocU2MqhBq5tWkJrUQOQY9N+In9xOdymzapM09GeiZw==",
      "cpu": [
        "arm64"
      ],
      "optional": true,
      "os": [
        "linux"
      ],
      "engines": {
        "node": ">= 10"
      }
    },
    "node_modules/@next/swc-linux-x64-gnu": {
      "version": "14.2.3",
      "resolved": "https://registry.npmjs.org/@next/swc-linux-x64-gnu/-/swc-linux-x64-gnu-14.2.3.tgz",
      "integrity": "sha512-ENPiNnBNDInBLyUU5ii8PMQh+4XLr4pG51tOp6aJ9xqFQ2iRI6IH0Ds2yJkAzNV1CfyagcyzPfROMViS2wOZ9w==",
      "cpu": [
        "x64"
      ],
      "optional": true,
      "os": [
        "linux"
      ],
      "engines": {
        "node": ">= 10"
      }
    },
    "node_modules/@next/swc-linux-x64-musl": {
      "version": "14.2.3",
      "resolved": "https://registry.npmjs.org/@next/swc-linux-x64-musl/-/swc-linux-x64-musl-14.2.3.tgz",
      "integrity": "sha512-BTAbq0LnCbF5MtoM7I/9UeUu/8ZBY0i8SFjUMCbPDOLv+un67e2JgyN4pmgfXBwy/I+RHu8q+k+MCkDN6P9ViQ==",
      "cpu": [
        "x64"
      ],
      "optional": true,
      "os": [
        "linux"
      ],
      "engines": {
        "node": ">= 10"
      }
    },
    "node_modules/@next/swc-win32-arm64-msvc": {
      "version": "14.2.3",
      "resolved": "https://registry.npmjs.org/@next/swc-win32-arm64-msvc/-/swc-win32-arm64-msvc-14.2.3.tgz",
      "integrity": "sha512-AEHIw/dhAMLNFJFJIJIyOFDzrzI5bAjI9J26gbO5xhAKHYTZ9Or04BesFPXiAYXDNdrwTP2dQceYA4dL1geu8A==",
      "cpu": [
        "arm64"
      ],
      "optional": true,
      "os": [
        "win32"
      ],
      "engines": {
        "node": ">= 10"
      }
    },
    "node_modules/@next/swc-win32-ia32-msvc": {
      "version": "14.2.3",
      "resolved": "https://registry.npmjs.org/@next/swc-win32-ia32-msvc/-/swc-win32-ia32-msvc-14.2.3.tgz",
      "integrity": "sha512-vga40n1q6aYb0CLrM+eEmisfKCR45ixQYXuBXxOOmmoV8sYST9k7E3US32FsY+CkkF7NtzdcebiFT4CHuMSyZw==",
      "cpu": [
        "ia32"
      ],
      "optional": true,
      "os": [
        "win32"
      ],
      "engines": {
        "node": ">= 10"
      }
    },
    "node_modules/@next/swc-win32-x64-msvc": {
      "version": "14.2.3",
      "resolved": "https://registry.npmjs.org/@next/swc-win32-x64-msvc/-/swc-win32-x64-msvc-14.2.3.tgz",
      "integrity": "sha512-Q1/zm43RWynxrO7lW4ehciQVj+5ePBhOK+/K2P7pLFX3JaJ/IZVC69SHidrmZSOkqz7ECIOhhy7XhAFG4JYyHA==",
      "cpu": [
        "x64"
      ],
      "optional": true,
      "os": [
        "win32"
      ],
      "engines": {
        "node": ">= 10"
      }
    }
  }
}
