lockfileVersion: '6.0'

settings:
  autoInstallPeers: true
  excludeLinksFromLockfile: false

dependencies:
  '@auth/core':
    specifier: latest
    version: 0.35.0

packages:

  /@auth/core@0.35.0:
    resolution: {integrity: sha512-XvMALiYn5ZQd1hVeG1t+jCU89jRrc7ortl/05wkBrPHnRWZScxAK5jKuzBz+AOBQXewDjYcMpzeF5tTqg6rDhQ==}
    peerDependencies:
      '@simplewebauthn/browser': ^9.0.1
      '@simplewebauthn/server': ^9.0.2
      nodemailer: ^6.8.0
    peerDependenciesMeta:
      '@simplewebauthn/browser':
        optional: true
      '@simplewebauthn/server':
        optional: true
      nodemailer:
        optional: true
    dependencies:
      '@panva/hkdf': 1.2.1
      '@types/cookie': 0.6.0
      cookie: 0.6.0
      jose: 5.9.2
      oauth4webapi: 2.15.0
      preact: 10.11.3
      preact-render-to-string: 5.2.3(preact@10.11.3)
    dev: false

  /@panva/hkdf@1.2.1:
    resolution: {integrity: sha512-6oclG6Y3PiDFcoyk8srjLfVKyMfVCKJ27JwNPViuXziFpmdz+MZnZN/aKY0JGXgYuO/VghU0jcOAZgWXZ1Dmrw==}
    dev: false

  /@types/cookie@0.6.0:
    resolution: {integrity: sha512-4Kh9a6B2bQciAhf7FSuMRRkUWecJgJu9nPnx3yzpsfXX/c50REIqpHY4C82bXP90qrLtXtkDxTZosYO3UpOwlA==}
    dev: false

  /cookie@0.6.0:
    resolution: {integrity: sha512-U71cyTamuh1CRNCfpGY6to28lxvNwPG4Guz/EVjgf3Jmzv0vlDp1atT9eS5dDjMYHucpHbWns6Lwf3BKz6svdw==}
    engines: {node: '>= 0.6'}
    dev: false

  /jose@5.9.2:
    resolution: {integrity: sha512-ILI2xx/I57b20sd7rHZvgiiQrmp2mcotwsAH+5ajbpFQbrYVQdNHYlQhoA5cFb78CgtBOxtC05TeA+mcgkuCqQ==}
    dev: false

  /oauth4webapi@2.15.0:
    resolution: {integrity: sha512-6nZnlxj6M3LeVrxB7bgxwY8hq0B5Quemxhbw85evRlK70qCCUm9O1s47AepSmgYUbkwLTFedP1DZ1eBUIKyRSw==}
    dev: false

  /preact-render-to-string@5.2.3(preact@10.11.3):
    resolution: {integrity: sha512-aPDxUn5o3GhWdtJtW0svRC2SS/l8D9MAgo2+AWml+BhDImb27ALf04Q2d+AHqUUOc6RdSXFIBVa2gxzgMKgtZA==}
    peerDependencies:
      preact: '>=10'
    dependencies:
      preact: 10.11.3
      pretty-format: 3.8.0
    dev: false

  /preact@10.11.3:
    resolution: {integrity: sha512-eY93IVpod/zG3uMF22Unl8h9KkrcKIRs2EGar8hwLZZDU1lkjph303V9HZBwufh2s736U6VXuhD109LYqPoffg==}
    dev: false

  /pretty-format@3.8.0:
    resolution: {integrity: sha512-WuxUnVtlWL1OfZFQFuqvnvs6MiAGk9UNsBostyBOB0Is9wb5uRESevA6rnl/rkksXaGX3GzZhPup5d6Vp1nFew==}
    dev: false
